{
  "projects": [
    {
      "projectId": "YUiM7yqBWAqsh8KSnrdj7",
      "version": "0.30.0",
      "dependencies": {},
      "lang": "js",
      "fileLocks": [
        {
          "assetId": "YUiM7yqBWAqsh8KSnrdj7",
          "type": "projectCss",
          "checksum": "dac72600b04b6e6a3014e82512a15fe1"
        }
      ],
      "codegenVersion": "0.0.1"
    },
    {
      "projectId": "58GpZjZCWTaJ8AUhpCwt2K",
      "version": "3.26.0",
      "dependencies": {},
      "lang": "js",
      "fileLocks": [
        {
          "assetId": "58GpZjZCWTaJ8AUhpCwt2K",
          "type": "projectCss",
          "checksum": "fd84921cc10936e6ceb458c2ae01c4bd"
        }
      ],
      "codegenVersion": "0.0.1"
    },
    {
      "projectId": "84wxoth5npGrp6RRXPL88z",
      "version": "4.28.0",
      "dependencies": {},
      "lang": "js",
      "fileLocks": [
        {
          "assetId": "84wxoth5npGrp6RRXPL88z",
          "checksum": "14e34fc8ee04382a88f671116234a1e3",
          "type": "globalContexts"
        },
        {
          "assetId": "84wxoth5npGrp6RRXPL88z",
          "type": "projectCss",
          "checksum": "d951314833b1846f4b7c384128792976"
        }
      ],
      "codegenVersion": "0.0.1"
    },
    {
      "projectId": "jkU633o1Cz7HrJdwdxhVHk",
      "version": "16.11.0",
      "dependencies": {},
      "lang": "js",
      "fileLocks": [
        {
          "assetId": "jkU633o1Cz7HrJdwdxhVHk",
          "type": "projectCss",
          "checksum": "0581d4378bb1604bb5fe3f65bb0a37de"
        }
      ],
      "codegenVersion": "0.0.1"
    },
    {
      "projectId": "ohDidvG9XsCeFumugENU3J",
      "version": "6.26.0",
      "dependencies": {},
      "lang": "js",
      "fileLocks": [
        {
          "assetId": "ohDidvG9XsCeFumugENU3J",
          "checksum": "de0a0e65174a6a185a8f822af51c6bdd",
          "type": "globalContexts"
        },
        {
          "assetId": "ohDidvG9XsCeFumugENU3J",
          "type": "projectCss",
          "checksum": "fd83b730367fdbde2c69bc6cf31c2a3c"
        }
      ],
      "codegenVersion": "0.0.1"
    },
    {
      "projectId": "5GAkXaJ2X7qEVGyLW6URkW",
      "version": "latest",
      "dependencies": {
        "ohDidvG9XsCeFumugENU3J": "6.26.0",
        "jkU633o1Cz7HrJdwdxhVHk": "16.11.0",
        "84wxoth5npGrp6RRXPL88z": "4.28.0",
        "58GpZjZCWTaJ8AUhpCwt2K": "3.26.0",
        "YUiM7yqBWAqsh8KSnrdj7": "0.30.0",
        "szjgMQpPpxhmkjnaBvZQJG": "2.26.0"
      },
      "lang": "js",
      "fileLocks": [
        {
          "type": "globalVariant",
          "assetId": "e-fkgQ5OO74u",
          "checksum": "35789a05937dbe60e99561bd0fbeaf45"
        },
        {
          "type": "globalVariant",
          "assetId": "a9lxlPDUJZH5",
          "checksum": "52353873cbbe42f673c3d29201456c32"
        },
        {
          "assetId": "5GAkXaJ2X7qEVGyLW6URkW",
          "checksum": "88ba4383b0415e924a268f66909ae5b7",
          "type": "globalContexts"
        },
        {
          "type": "renderModule",
          "assetId": "6UL6L3862Hyg",
          "checksum": "dc40ffd37a81f0c7175252306c4fdc9b"
        },
        {
          "type": "cssRules",
          "assetId": "6UL6L3862Hyg",
          "checksum": "dc40ffd37a81f0c7175252306c4fdc9b"
        },
        {
          "type": "renderModule",
          "assetId": "AEwQa5n9bvp8",
          "checksum": "eb6a1e605e11d5fbce0c4c9eae842435"
        },
        {
          "type": "cssRules",
          "assetId": "AEwQa5n9bvp8",
          "checksum": "eb6a1e605e11d5fbce0c4c9eae842435"
        },
        {
          "type": "renderModule",
          "assetId": "-LisnOPJofcL",
          "checksum": "f7c2584aff2d2e956b853487d30ff529"
        },
        {
          "type": "cssRules",
          "assetId": "-LisnOPJofcL",
          "checksum": "f7c2584aff2d2e956b853487d30ff529"
        },
        {
          "type": "renderModule",
          "assetId": "4spuvqDqcbmi",
          "checksum": "a8e04d61190251861edad6dce4d209f8"
        },
        {
          "type": "cssRules",
          "assetId": "4spuvqDqcbmi",
          "checksum": "a8e04d61190251861edad6dce4d209f8"
        },
        {
          "type": "renderModule",
          "assetId": "5wTC4jcgQJHi",
          "checksum": "d58d254431f636464952da04f17793a6"
        },
        {
          "type": "cssRules",
          "assetId": "5wTC4jcgQJHi",
          "checksum": "d58d254431f636464952da04f17793a6"
        },
        {
          "type": "renderModule",
          "assetId": "v_kC1eoHoKoW",
          "checksum": "324c88aece694a505dafebc97c08b19c"
        },
        {
          "type": "cssRules",
          "assetId": "v_kC1eoHoKoW",
          "checksum": "324c88aece694a505dafebc97c08b19c"
        },
        {
          "type": "renderModule",
          "assetId": "ff0CDsg4Iq_S",
          "checksum": "42c2294ff3d6dfb2b329e7d8f691e49b"
        },
        {
          "type": "cssRules",
          "assetId": "ff0CDsg4Iq_S",
          "checksum": "42c2294ff3d6dfb2b329e7d8f691e49b"
        },
        {
          "type": "renderModule",
          "assetId": "WyDzkyOl6Pq4",
          "checksum": "b5e11c64c391167f556bd398850b526f"
        },
        {
          "type": "cssRules",
          "assetId": "WyDzkyOl6Pq4",
          "checksum": "b5e11c64c391167f556bd398850b526f"
        },
        {
          "type": "renderModule",
          "assetId": "GEy1GUrETR-m",
          "checksum": "b516890f2c76c3a5d2c77cd60bcfddd1"
        },
        {
          "type": "cssRules",
          "assetId": "GEy1GUrETR-m",
          "checksum": "b516890f2c76c3a5d2c77cd60bcfddd1"
        },
        {
          "type": "icon",
          "assetId": "uZPcVb-BA-6n",
          "checksum": "4ae4faf024ca0d744985d50bd2f2a5a3"
        },
        {
          "type": "icon",
          "assetId": "6YQ-s3QiGNsF",
          "checksum": "dfc30d0f66455209245ac82ae5deaafd"
        },
        {
          "type": "icon",
          "assetId": "pYgekvLAxiQT",
          "checksum": "36885fa29c54febec74d4ac44a95a865"
        },
        {
          "type": "icon",
          "assetId": "Orwq0hbAJ8IL",
          "checksum": "3ef28519d71ef71cb327f6565ef8fa1d"
        },
        {
          "type": "icon",
          "assetId": "wFP_NiOwExPb",
          "checksum": "1e2f9ea16a6a31a37524de7332f27732"
        },
        {
          "type": "icon",
          "assetId": "sfavxAQKzR0q",
          "checksum": "8ccab365a56312600fbf34b4d5fa2395"
        },
        {
          "type": "icon",
          "assetId": "z5-yN8ewQ4yi",
          "checksum": "ef162a0350ff8c8a27ffa6d2604b6fc6"
        },
        {
          "type": "image",
          "assetId": "dsAQ82Khaq7N",
          "checksum": "2cc29b71d46358628dcc818d59a114b2"
        },
        {
          "type": "image",
          "assetId": "G6lPdfZGkZNO",
          "checksum": "073b9748d017bb35d91f1d5149b20e83"
        },
        {
          "type": "image",
          "assetId": "FrWgai2GciiY",
          "checksum": "75f821b0437eef919d629c07b11abf56"
        },
        {
          "type": "image",
          "assetId": "ucBMqKFAX293",
          "checksum": "428f164322f637edc62582aecb14a26e"
        },
        {
          "type": "image",
          "assetId": "dTWAEbJJDwkc",
          "checksum": "63dfda8be52ce4c21e34ded60d32a872"
        },
        {
          "type": "image",
          "assetId": "JkEPnQv6ET89",
          "checksum": "125b16907bc285331f3888b672a818ad"
        },
        {
          "type": "image",
          "assetId": "x6SziQqBRb8Y",
          "checksum": "4cd1852e9a4bfca62e1cc1ac1bed3b7c"
        },
        {
          "type": "image",
          "assetId": "ebw7Fy944AkD",
          "checksum": "2235a8d622f63f79aab05b1c33a0f0fc"
        },
        {
          "type": "image",
          "assetId": "HvbLzJ7E28Ze",
          "checksum": "5a8716f219243dbbada25a110b0bf9a6"
        },
        {
          "type": "image",
          "assetId": "Fdp55DmEUU6Y",
          "checksum": "db6208e5253fac3b67176a3e48cf39fe"
        },
        {
          "assetId": "5GAkXaJ2X7qEVGyLW6URkW",
          "type": "projectCss",
          "checksum": "ed7471772499d63212f9fc4f2c6c0c9b"
        }
      ],
      "codegenVersion": "0.0.1"
    },
    {
      "projectId": "szjgMQpPpxhmkjnaBvZQJG",
      "version": "2.26.0",
      "dependencies": {},
      "lang": "js",
      "fileLocks": [
        {
          "assetId": "szjgMQpPpxhmkjnaBvZQJG",
          "type": "projectCss",
          "checksum": "29b90e78e5c36e5dc978e0c572d9fc75"
        }
      ],
      "codegenVersion": "0.0.1"
    }
  ],
  "cliVersion": "0.1.334"
}
